
Microsoft Visual Studio Solution File, Format Version 12.00
# Visual Studio Version 17
VisualStudioVersion = 17.6.33829.357
MinimumVisualStudioVersion = 10.0.40219.1
Project("{FAE04EC0-301F-11D3-BF4B-00C04F79EFBC}") = "RANUISWANSONFOOTBALLCLUB_WEBSITE", "RANUISWANSONFOOTBALLCLUB_WEBSITE.csproj", "{8B3AE396-C98C-4425-88BE-78CA331B2A4B}"
EndProject
Global
	GlobalSection(SolutionConfigurationPlatforms) = preSolution
		Debug|Any CPU = Debug|Any CPU
		Release|Any CPU = Release|Any CPU
	EndGlobalSection
	GlobalSection(ProjectConfigurationPlatforms) = postSolution
		{8B3AE396-C98C-4425-88BE-78CA331B2A4B}.Debug|Any CPU.ActiveCfg = Debug|Any CPU
		{8B3AE396-C98C-4425-88BE-78CA331B2A4B}.Debug|Any CPU.Build.0 = Debug|Any CPU
		{8B3AE396-C98C-4425-88BE-78CA331B2A4B}.Release|Any CPU.ActiveCfg = Release|Any CPU
		{8B3AE396-C98C-4425-88BE-78CA331B2A4B}.Release|Any CPU.Build.0 = Release|Any CPU
	EndGlobalSection
	GlobalSection(SolutionProperties) = preSolution
		HideSolutionNode = FALSE
	EndGlobalSection
	GlobalSection(ExtensibilityGlobals) = postSolution
		SolutionGuid = {FF50E026-6692-4DCF-9CF4-71A13A235BE6}
	EndGlobalSection
EndGlobal
